Microsoft Visual Studio Solution File, Format Version 12.00
# Visual Studio Version 17
VisualStudioVersion = 17.5.2.0
MinimumVisualStudioVersion = 10.0.40219.1
Project("{FAE04EC0-301F-11D3-BF4B-00C04F79EFBC}") = "examenparcial", "examenparcial.csproj", "{6B112F5C-6784-097A-A81B-C90BA5886647}"
EndProject
Global
	GlobalSection(SolutionConfigurationPlatforms) = preSolution
		Debug|Any CPU = Debug|Any CPU
		Release|Any CPU = Release|Any CPU
	EndGlobalSection
	GlobalSection(ProjectConfigurationPlatforms) = postSolution
		{6B112F5C-6784-097A-A81B-C90BA5886647}.Debug|Any CPU.ActiveCfg = Debug|Any CPU
		{6B112F5C-6784-097A-A81B-C90BA5886647}.Debug|Any CPU.Build.0 = Debug|Any CPU
		{6B112F5C-6784-097A-A81B-C90BA5886647}.Release|Any CPU.ActiveCfg = Release|Any CPU
		{6B112F5C-6784-097A-A81B-C90BA5886647}.Release|Any CPU.Build.0 = Release|Any CPU
	EndGlobalSection
	GlobalSection(SolutionProperties) = preSolution
		HideSolutionNode = FALSE
	EndGlobalSection
	GlobalSection(ExtensibilityGlobals) = postSolution
		SolutionGuid = {3321197F-90D5-4B07-AD63-03C76CFAA10B}
	EndGlobalSection
EndGlobal
